// !$*UTF8*$!
{
	archiveVersion = 1;
	classes = {
	};
	objectVersion = 51;
	objects = {

/* Begin PBXBuildFile section */
		75984B39241A12F2005A1EBC /* AppDelegate.swift in Sources */ = {isa = PBXBuildFile; fileRef = 75984B38241A12F2005A1EBC /* AppDelegate.swift */; };
		75984B3B241A12F2005A1EBC /* SceneDelegate.swift in Sources */ = {isa = PBXBuildFile; fileRef = 75984B3A241A12F2005A1EBC /* SceneDelegate.swift */; };
		75984B40241A12F2005A1EBC /* Main.storyboard in Resources */ = {isa = PBXBuildFile; fileRef = 75984B3E241A12F2005A1EBC /* Main.storyboard */; };
		75984B42241A12F5005A1EBC /* Assets.xcassets in Resources */ = {isa = PBXBuildFile; fileRef = 75984B41241A12F5005A1EBC /* Assets.xcassets */; };
		75984B45241A12F5005A1EBC /* LaunchScreen.storyboard in Resources */ = {isa = PBXBuildFile; fileRef = 75984B43241A12F5005A1EBC /* LaunchScreen.storyboard */; };
		75984B50241A12F5005A1EBC /* MaskMVITests.swift in Sources */ = {isa = PBXBuildFile; fileRef = 75984B4F241A12F5005A1EBC /* MaskMVITests.swift */; };
		75984B5B241A1376005A1EBC /* Store.swift in Sources */ = {isa = PBXBuildFile; fileRef = 75984B5A241A1376005A1EBC /* Store.swift */; };
		75984B5E241A13AE005A1EBC /* Sale.swift in Sources */ = {isa = PBXBuildFile; fileRef = 75984B5D241A13AE005A1EBC /* Sale.swift */; };
		75984B60241A13D0005A1EBC /* StoreSale.swift in Sources */ = {isa = PBXBuildFile; fileRef = 75984B5F241A13D0005A1EBC /* StoreSale.swift */; };
		75984B62241A1482005A1EBC /* ApiResult.swift in Sources */ = {isa = PBXBuildFile; fileRef = 75984B61241A1482005A1EBC /* ApiResult.swift */; };
		75984B64241A14F6005A1EBC /* MaskNetwork.swift in Sources */ = {isa = PBXBuildFile; fileRef = 75984B63241A14F6005A1EBC /* MaskNetwork.swift */; };
		75984B66241A14FE005A1EBC /* MaskAPI.swift in Sources */ = {isa = PBXBuildFile; fileRef = 75984B65241A14FE005A1EBC /* MaskAPI.swift */; };
		75984B68241A18FC005A1EBC /* MaskMapViewController.swift in Sources */ = {isa = PBXBuildFile; fileRef = 75984B67241A18FC005A1EBC /* MaskMapViewController.swift */; };
		75984B6A241A197D005A1EBC /* MaskMapViewIntent.swift in Sources */ = {isa = PBXBuildFile; fileRef = 75984B69241A197D005A1EBC /* MaskMapViewIntent.swift */; };
		75984B6C241B5019005A1EBC /* UIExtension.swift in Sources */ = {isa = PBXBuildFile; fileRef = 75984B6B241B5019005A1EBC /* UIExtension.swift */; };
		AAB2E7C4FF2383D36A46ED66 /* Pods_MaskMVI.framework in Frameworks */ = {isa = PBXBuildFile; fileRef = 85B47C8FA12F2C1B9794C5D3 /* Pods_MaskMVI.framework */; };
		F0300E382EC21EAA3070BCD3 /* Pods_MaskMVITests.framework in Frameworks */ = {isa = PBXBuildFile; fileRef = FC04645AF5B1DC54BDC71296 /* Pods_MaskMVITests.framework */; };
/* End PBXBuildFile section */

/* Begin PBXContainerItemProxy section */
		75984B4C241A12F5005A1EBC /* PBXContainerItemProxy */ = {
			isa = PBXContainerItemProxy;
			containerPortal = 75984B2D241A12F2005A1EBC /* Project object */;
			proxyType = 1;
			remoteGlobalIDString = 75984B34241A12F2005A1EBC;
			remoteInfo = MaskMVI;
		};
/* End PBXContainerItemProxy section */

/* Begin PBXFileReference section */
		543BBD1267DCC4A4142ED108 /* Pods-MaskMVI.debug.xcconfig */ = {isa = PBXFileReference; includeInIndex = 1; lastKnownFileType = text.xcconfig; name = "Pods-MaskMVI.debug.xcconfig"; path = "Target Support Files/Pods-MaskMVI/Pods-MaskMVI.debug.xcconfig"; sourceTree = "<group>"; };
		75984B35241A12F2005A1EBC /* 내주변마스크.app */ = {isa = PBXFileReference; explicitFileType = wrapper.application; includeInIndex = 0; path = "내주변마스크.app"; sourceTree = BUILT_PRODUCTS_DIR; };
		75984B38241A12F2005A1EBC /* AppDelegate.swift */ = {isa = PBXFileReference; lastKnownFileType = sourcecode.swift; path = AppDelegate.swift; sourceTree = "<group>"; };
		75984B3A241A12F2005A1EBC /* SceneDelegate.swift */ = {isa = PBXFileReference; lastKnownFileType = sourcecode.swift; path = SceneDelegate.swift; sourceTree = "<group>"; };
		75984B3F241A12F2005A1EBC /* Base */ = {isa = PBXFileReference; lastKnownFileType = file.storyboard; name = Base; path = Base.lproj/Main.storyboard; sourceTree = "<group>"; };
		75984B41241A12F5005A1EBC /* Assets.xcassets */ = {isa = PBXFileReference; lastKnownFileType = folder.assetcatalog; path = Assets.xcassets; sourceTree = "<group>"; };
		75984B44241A12F5005A1EBC /* Base */ = {isa = PBXFileReference; lastKnownFileType = file.storyboard; name = Base; path = Base.lproj/LaunchScreen.storyboard; sourceTree = "<group>"; };
		75984B46241A12F5005A1EBC /* Info.plist */ = {isa = PBXFileReference; lastKnownFileType = text.plist.xml; path = Info.plist; sourceTree = "<group>"; };
		75984B4B241A12F5005A1EBC /* MaskMVITests.xctest */ = {isa = PBXFileReference; explicitFileType = wrapper.cfbundle; includeInIndex = 0; path = MaskMVITests.xctest; sourceTree = BUILT_PRODUCTS_DIR; };
		75984B4F241A12F5005A1EBC /* MaskMVITests.swift */ = {isa = PBXFileReference; lastKnownFileType = sourcecode.swift; path = MaskMVITests.swift; sourceTree = "<group>"; };
		75984B51241A12F5005A1EBC /* Info.plist */ = {isa = PBXFileReference; lastKnownFileType = text.plist.xml; path = Info.plist; sourceTree = "<group>"; };
		75984B5A241A1376005A1EBC /* Store.swift */ = {isa = PBXFileReference; lastKnownFileType = sourcecode.swift; path = Store.swift; sourceTree = "<group>"; };
		75984B5D241A13AE005A1EBC /* Sale.swift */ = {isa = PBXFileReference; lastKnownFileType = sourcecode.swift; path = Sale.swift; sourceTree = "<group>"; };
		75984B5F241A13D0005A1EBC /* StoreSale.swift */ = {isa = PBXFileReference; lastKnownFileType = sourcecode.swift; path = StoreSale.swift; sourceTree = "<group>"; };
		75984B61241A1482005A1EBC /* ApiResult.swift */ = {isa = PBXFileReference; lastKnownFileType = sourcecode.swift; path = ApiResult.swift; sourceTree = "<group>"; };
		75984B63241A14F6005A1EBC /* MaskNetwork.swift */ = {isa = PBXFileReference; lastKnownFileType = sourcecode.swift; path = MaskNetwork.swift; sourceTree = "<group>"; };
		75984B65241A14FE005A1EBC /* MaskAPI.swift */ = {isa = PBXFileReference; lastKnownFileType = sourcecode.swift; path = MaskAPI.swift; sourceTree = "<group>"; };
		75984B67241A18FC005A1EBC /* MaskMapViewController.swift */ = {isa = PBXFileReference; lastKnownFileType = sourcecode.swift; path = MaskMapViewController.swift; sourceTree = "<group>"; };
		75984B69241A197D005A1EBC /* MaskMapViewIntent.swift */ = {isa = PBXFileReference; lastKnownFileType = sourcecode.swift; path = MaskMapViewIntent.swift; sourceTree = "<group>"; };
		75984B6B241B5019005A1EBC /* UIExtension.swift */ = {isa = PBXFileReference; lastKnownFileType = sourcecode.swift; path = UIExtension.swift; sourceTree = "<group>"; };
		85B47C8FA12F2C1B9794C5D3 /* Pods_MaskMVI.framework */ = {isa = PBXFileReference; explicitFileType = wrapper.framework; includeInIndex = 0; path = Pods_MaskMVI.framework; sourceTree = BUILT_PRODUCTS_DIR; };
		88F2A5CCB939FEAA4ADE6B10 /* Pods-MaskMVITests.release.xcconfig */ = {isa = PBXFileReference; includeInIndex = 1; lastKnownFileType = text.xcconfig; name = "Pods-MaskMVITests.release.xcconfig"; path = "Target Support Files/Pods-MaskMVITests/Pods-MaskMVITests.release.xcconfig"; sourceTree = "<group>"; };
		C097539B3F5BE2624B36636F /* Pods-MaskMVITests.debug.xcconfig */ = {isa = PBXFileReference; includeInIndex = 1; lastKnownFileType = text.xcconfig; name = "Pods-MaskMVITests.debug.xcconfig"; path = "Target Support Files/Pods-MaskMVITests/Pods-MaskMVITests.debug.xcconfig"; sourceTree = "<group>"; };
		FB281434F61EC398F83453B1 /* Pods-MaskMVI.release.xcconfig */ = {isa = PBXFileReference; includeInIndex = 1; lastKnownFileType = text.xcconfig; name = "Pods-MaskMVI.release.xcconfig"; path = "Target Support Files/Pods-MaskMVI/Pods-MaskMVI.release.xcconfig"; sourceTree = "<group>"; };
		FC04645AF5B1DC54BDC71296 /* Pods_MaskMVITests.framework */ = {isa = PBXFileReference; explicitFileType = wrapper.framework; includeInIndex = 0; path = Pods_MaskMVITests.framework; sourceTree = BUILT_PRODUCTS_DIR; };
/* End PBXFileReference section */

/* Begin PBXFrameworksBuildPhase section */
		75984B32241A12F2005A1EBC /* Frameworks */ = {
			isa = PBXFrameworksBuildPhase;
			buildActionMask = 2147483647;
			files = (
				AAB2E7C4FF2383D36A46ED66 /* Pods_MaskMVI.framework in Frameworks */,
			);
			runOnlyForDeploymentPostprocessing = 0;
		};
		75984B48241A12F5005A1EBC /* Frameworks */ = {
			isa = PBXFrameworksBuildPhase;
			buildActionMask = 2147483647;
			files = (
				F0300E382EC21EAA3070BCD3 /* Pods_MaskMVITests.framework in Frameworks */,
			);
			runOnlyForDeploymentPostprocessing = 0;
		};
/* End PBXFrameworksBuildPhase section */

/* Begin PBXGroup section */
		1C2BAAC805A92A8E5AEAEFBE /* Pods */ = {
			isa = PBXGroup;
			children = (
				543BBD1267DCC4A4142ED108 /* Pods-MaskMVI.debug.xcconfig */,
				FB281434F61EC398F83453B1 /* Pods-MaskMVI.release.xcconfig */,
				C097539B3F5BE2624B36636F /* Pods-MaskMVITests.debug.xcconfig */,
				88F2A5CCB939FEAA4ADE6B10 /* Pods-MaskMVITests.release.xcconfig */,
			);
			path = Pods;
			sourceTree = "<group>";
		};
		75984B2C241A12F2005A1EBC = {
			isa = PBXGroup;
			children = (
				75984B37241A12F2005A1EBC /* MaskMVI */,
				75984B4E241A12F5005A1EBC /* MaskMVITests */,
				75984B36241A12F2005A1EBC /* Products */,
				1C2BAAC805A92A8E5AEAEFBE /* Pods */,
				A9CBC69F471C593A1354BE82 /* Frameworks */,
			);
			sourceTree = "<group>";
		};
		75984B36241A12F2005A1EBC /* Products */ = {
			isa = PBXGroup;
			children = (
				75984B35241A12F2005A1EBC /* 내주변마스크.app */,
				75984B4B241A12F5005A1EBC /* MaskMVITests.xctest */,
			);
			name = Products;
			sourceTree = "<group>";
		};
		75984B37241A12F2005A1EBC /* MaskMVI */ = {
			isa = PBXGroup;
			children = (
				75984B38241A12F2005A1EBC /* AppDelegate.swift */,
				75984B3A241A12F2005A1EBC /* SceneDelegate.swift */,
				75984B67241A18FC005A1EBC /* MaskMapViewController.swift */,
				75984B6B241B5019005A1EBC /* UIExtension.swift */,
				75984B69241A197D005A1EBC /* MaskMapViewIntent.swift */,
				75984B65241A14FE005A1EBC /* MaskAPI.swift */,
				75984B63241A14F6005A1EBC /* MaskNetwork.swift */,
				75984B5C241A137C005A1EBC /* Schemas */,
				75984B3E241A12F2005A1EBC /* Main.storyboard */,
				75984B41241A12F5005A1EBC /* Assets.xcassets */,
				75984B43241A12F5005A1EBC /* LaunchScreen.storyboard */,
				75984B46241A12F5005A1EBC /* Info.plist */,
			);
			path = MaskMVI;
			sourceTree = "<group>";
		};
		75984B4E241A12F5005A1EBC /* MaskMVITests */ = {
			isa = PBXGroup;
			children = (
				75984B4F241A12F5005A1EBC /* MaskMVITests.swift */,
				75984B51241A12F5005A1EBC /* Info.plist */,
			);
			path = MaskMVITests;
			sourceTree = "<group>";
		};
		75984B5C241A137C005A1EBC /* Schemas */ = {
			isa = PBXGroup;
			children = (
				75984B5A241A1376005A1EBC /* Store.swift */,
				75984B5D241A13AE005A1EBC /* Sale.swift */,
				75984B5F241A13D0005A1EBC /* StoreSale.swift */,
				75984B61241A1482005A1EBC /* ApiResult.swift */,
			);
			path = Schemas;
			sourceTree = "<group>";
		};
		A9CBC69F471C593A1354BE82 /* Frameworks */ = {
			isa = PBXGroup;
			children = (
				85B47C8FA12F2C1B9794C5D3 /* Pods_MaskMVI.framework */,
				FC04645AF5B1DC54BDC71296 /* Pods_MaskMVITests.framework */,
			);
			name = Frameworks;
			sourceTree = "<group>";
		};
/* End PBXGroup section */

/* Begin PBXNativeTarget section */
		75984B34241A12F2005A1EBC /* MaskMVI */ = {
			isa = PBXNativeTarget;
			buildConfigurationList = 75984B54241A12F5005A1EBC /* Build configuration list for PBXNativeTarget "MaskMVI" */;
			buildPhases = (
				2FD05007D1EE823C7708EE7B /* [CP] Check Pods Manifest.lock */,
				75984B31241A12F2005A1EBC /* Sources */,
				75984B32241A12F2005A1EBC /* Frameworks */,
				75984B33241A12F2005A1EBC /* Resources */,
				3E4572AD40CDA61691429468 /* [CP] Embed Pods Frameworks */,
			);
			buildRules = (
			);
			dependencies = (
			);
			name = MaskMVI;
			productName = MaskMVI;
			productReference = 75984B35241A12F2005A1EBC /* 내주변마스크.app */;
			productType = "com.apple.product-type.application";
		};
		75984B4A241A12F5005A1EBC /* MaskMVITests */ = {
			isa = PBXNativeTarget;
			buildConfigurationList = 75984B57241A12F5005A1EBC /* Build configuration list for PBXNativeTarget "MaskMVITests" */;
			buildPhases = (
				AC0620A3B271A6734C2EC3C2 /* [CP] Check Pods Manifest.lock */,
				75984B47241A12F5005A1EBC /* Sources */,
				75984B48241A12F5005A1EBC /* Frameworks */,
				75984B49241A12F5005A1EBC /* Resources */,
			);
			buildRules = (
			);
			dependencies = (
				75984B4D241A12F5005A1EBC /* PBXTargetDependency */,
			);
			name = MaskMVITests;
			productName = MaskMVITests;
			productReference = 75984B4B241A12F5005A1EBC /* MaskMVITests.xctest */;
			productType = "com.apple.product-type.bundle.unit-test";
		};
/* End PBXNativeTarget section */

/* Begin PBXProject section */
		75984B2D241A12F2005A1EBC /* Project object */ = {
			isa = PBXProject;
			attributes = {
				LastSwiftUpdateCheck = 1130;
				LastUpgradeCheck = 1130;
				ORGANIZATIONNAME = HanryangChan;
				TargetAttributes = {
					75984B34241A12F2005A1EBC = {
						CreatedOnToolsVersion = 11.3.1;
					};
					75984B4A241A12F5005A1EBC = {
						CreatedOnToolsVersion = 11.3.1;
						TestTargetID = 75984B34241A12F2005A1EBC;
					};
				};
			};
			buildConfigurationList = 75984B30241A12F2005A1EBC /* Build configuration list for PBXProject "MaskMVI" */;
			compatibilityVersion = "Xcode 9.3";
			developmentRegion = en;
			hasScannedForEncodings = 0;
			knownRegions = (
				en,
				Base,
			);
			mainGroup = 75984B2C241A12F2005A1EBC;
			productRefGroup = 75984B36241A12F2005A1EBC /* Products */;
			projectDirPath = "";
			projectRoot = "";
			targets = (
				75984B34241A12F2005A1EBC /* MaskMVI */,
				75984B4A241A12F5005A1EBC /* MaskMVITests */,
			);
		};
/* End PBXProject section */

/* Begin PBXResourcesBuildPhase section */
		75984B33241A12F2005A1EBC /* Resources */ = {
			isa = PBXResourcesBuildPhase;
			buildActionMask = 2147483647;
			files = (
				75984B45241A12F5005A1EBC /* LaunchScreen.storyboard in Resources */,
				75984B42241A12F5005A1EBC /* Assets.xcassets in Resources */,
				75984B40241A12F2005A1EBC /* Main.storyboard in Resources */,
			);
			runOnlyForDeploymentPostprocessing = 0;
		};
		75984B49241A12F5005A1EBC /* Resources */ = {
			isa = PBXResourcesBuildPhase;
			buildActionMask = 2147483647;
			files = (
			);
			runOnlyForDeploymentPostprocessing = 0;
		};
/* End PBXResourcesBuildPhase section */

/* Begin PBXShellScriptBuildPhase section */
		2FD05007D1EE823C7708EE7B /* [CP] Check Pods Manifest.lock */ = {
			isa = PBXShellScriptBuildPhase;
			buildActionMask = 2147483647;
			files = (
			);
			inputFileListPaths = (
			);
			inputPaths = (
				"${PODS_PODFILE_DIR_PATH}/Podfile.lock",
				"${PODS_ROOT}/Manifest.lock",
			);
			name = "[CP] Check Pods Manifest.lock";
			outputFileListPaths = (
			);
			outputPaths = (
				"$(DERIVED_FILE_DIR)/Pods-MaskMVI-checkManifestLockResult.txt",
			);
			runOnlyForDeploymentPostprocessing = 0;
			shellPath = /bin/sh;
			shellScript = "diff \"${PODS_PODFILE_DIR_PATH}/Podfile.lock\" \"${PODS_ROOT}/Manifest.lock\" > /dev/null\nif [ $? != 0 ] ; then\n    # print error to STDERR\n    echo \"error: The sandbox is not in sync with the Podfile.lock. Run 'pod install' or update your CocoaPods installation.\" >&2\n    exit 1\nfi\n# This output is used by Xcode 'outputs' to avoid re-running this script phase.\necho \"SUCCESS\" > \"${SCRIPT_OUTPUT_FILE_0}\"\n";
			showEnvVarsInLog = 0;
		};
		3E4572AD40CDA61691429468 /* [CP] Embed Pods Frameworks */ = {
			isa = PBXShellScriptBuildPhase;
			buildActionMask = 2147483647;
			files = (
			);
			inputFileListPaths = (
				"${PODS_ROOT}/Target Support Files/Pods-MaskMVI/Pods-MaskMVI-frameworks-${CONFIGURATION}-input-files.xcfilelist",
			);
			name = "[CP] Embed Pods Frameworks";
			outputFileListPaths = (
				"${PODS_ROOT}/Target Support Files/Pods-MaskMVI/Pods-MaskMVI-frameworks-${CONFIGURATION}-output-files.xcfilelist",
			);
			runOnlyForDeploymentPostprocessing = 0;
			shellPath = /bin/sh;
			shellScript = "\"${PODS_ROOT}/Target Support Files/Pods-MaskMVI/Pods-MaskMVI-frameworks.sh\"\n";
			showEnvVarsInLog = 0;
		};
		AC0620A3B271A6734C2EC3C2 /* [CP] Check Pods Manifest.lock */ = {
			isa = PBXShellScriptBuildPhase;
			buildActionMask = 2147483647;
			files = (
			);
			inputFileListPaths = (
			);
			inputPaths = (
				"${PODS_PODFILE_DIR_PATH}/Podfile.lock",
				"${PODS_ROOT}/Manifest.lock",
			);
			name = "[CP] Check Pods Manifest.lock";
			outputFileListPaths = (
			);
			outputPaths = (
				"$(DERIVED_FILE_DIR)/Pods-MaskMVITests-checkManifestLockResult.txt",
			);
			runOnlyForDeploymentPostprocessing = 0;
			shellPath = /bin/sh;
			shellScript = "diff \"${PODS_PODFILE_DIR_PATH}/Podfile.lock\" \"${PODS_ROOT}/Manifest.lock\" > /dev/null\nif [ $? != 0 ] ; then\n    # print error to STDERR\n    echo \"error: The sandbox is not in sync with the Podfile.lock. Run 'pod install' or update your CocoaPods installation.\" >&2\n    exit 1\nfi\n# This output is used by Xcode 'outputs' to avoid re-running this script phase.\necho \"SUCCESS\" > \"${SCRIPT_OUTPUT_FILE_0}\"\n";
			showEnvVarsInLog = 0;
		};
/* End PBXShellScriptBuildPhase section */

/* Begin PBXSourcesBuildPhase section */
		75984B31241A12F2005A1EBC /* Sources */ = {
			isa = PBXSourcesBuildPhase;
			buildActionMask = 2147483647;
			files = (
				75984B66241A14FE005A1EBC /* MaskAPI.swift in Sources */,
				75984B68241A18FC005A1EBC /* MaskMapViewController.swift in Sources */,
				75984B60241A13D0005A1EBC /* StoreSale.swift in Sources */,
				75984B64241A14F6005A1EBC /* MaskNetwork.swift in Sources */,
				75984B39241A12F2005A1EBC /* AppDelegate.swift in Sources */,
				75984B3B241A12F2005A1EBC /* SceneDelegate.swift in Sources */,
				75984B62241A1482005A1EBC /* ApiResult.swift in Sources */,
				75984B6A241A197D005A1EBC /* MaskMapViewIntent.swift in Sources */,
				75984B5E241A13AE005A1EBC /* Sale.swift in Sources */,
				75984B6C241B5019005A1EBC /* UIExtension.swift in Sources */,
				75984B5B241A1376005A1EBC /* Store.swift in Sources */,
			);
			runOnlyForDeploymentPostprocessing = 0;
		};
		75984B47241A12F5005A1EBC /* Sources */ = {
			isa = PBXSourcesBuildPhase;
			buildActionMask = 2147483647;
			files = (
				75984B50241A12F5005A1EBC /* MaskMVITests.swift in Sources */,
			);
			runOnlyForDeploymentPostprocessing = 0;
		};
/* End PBXSourcesBuildPhase section */

/* Begin PBXTargetDependency section */
		75984B4D241A12F5005A1EBC /* PBXTargetDependency */ = {
			isa = PBXTargetDependency;
			target = 75984B34241A12F2005A1EBC /* MaskMVI */;
			targetProxy = 75984B4C241A12F5005A1EBC /* PBXContainerItemProxy */;
		};
/* End PBXTargetDependency section */

/* Begin PBXVariantGroup section */
		75984B3E241A12F2005A1EBC /* Main.storyboard */ = {
			isa = PBXVariantGroup;
			children = (
				75984B3F241A12F2005A1EBC /* Base */,
			);
			name = Main.storyboard;
			sourceTree = "<group>";
		};
		75984B43241A12F5005A1EBC /* LaunchScreen.storyboard */ = {
			isa = PBXVariantGroup;
			children = (
				75984B44241A12F5005A1EBC /* Base */,
			);
			name = LaunchScreen.storyboard;
			sourceTree = "<group>";
		};
/* End PBXVariantGroup section */

/* Begin XCBuildConfiguration section */
		75984B52241A12F5005A1EBC /* Debug */ = {
			isa = XCBuildConfiguration;
			buildSettings = {
				ALWAYS_SEARCH_USER_PATHS = NO;
				CLANG_ANALYZER_NONNULL = YES;
				CLANG_ANALYZER_NUMBER_OBJECT_CONVERSION = YES_AGGRESSIVE;
				CLANG_CXX_LANGUAGE_STANDARD = "gnu++14";
				CLANG_CXX_LIBRARY = "libc++";
				CLANG_ENABLE_MODULES = YES;
				CLANG_ENABLE_OBJC_ARC = YES;
				CLANG_ENABLE_OBJC_WEAK = YES;
				CLANG_WARN_BLOCK_CAPTURE_AUTORELEASING = YES;
				CLANG_WARN_BOOL_CONVERSION = YES;
				CLANG_WARN_COMMA = YES;
				CLANG_WARN_CONSTANT_CONVERSION = YES;
				CLANG_WARN_DEPRECATED_OBJC_IMPLEMENTATIONS = YES;
				CLANG_WARN_DIRECT_OBJC_ISA_USAGE = YES_ERROR;
				CLANG_WARN_DOCUMENTATION_COMMENTS = YES;
				CLANG_WARN_EMPTY_BODY = YES;
				CLANG_WARN_ENUM_CONVERSION = YES;
				CLANG_WARN_INFINITE_RECURSION = YES;
				CLANG_WARN_INT_CONVERSION = YES;
				CLANG_WARN_NON_LITERAL_NULL_CONVERSION = YES;
				CLANG_WARN_OBJC_IMPLICIT_RETAIN_SELF = YES;
				CLANG_WARN_OBJC_LITERAL_CONVERSION = YES;
				CLANG_WARN_OBJC_ROOT_CLASS = YES_ERROR;
				CLANG_WARN_RANGE_LOOP_ANALYSIS = YES;
				CLANG_WARN_STRICT_PROTOTYPES = YES;
				CLANG_WARN_SUSPICIOUS_MOVE = YES;
				CLANG_WARN_UNGUARDED_AVAILABILITY = YES_AGGRESSIVE;
				CLANG_WARN_UNREACHABLE_CODE = YES;
				CLANG_WARN__DUPLICATE_METHOD_MATCH = YES;
				COPY_PHASE_STRIP = NO;
				DEBUG_INFORMATION_FORMAT = dwarf;
				ENABLE_STRICT_OBJC_MSGSEND = YES;
				ENABLE_TESTABILITY = YES;
				GCC_C_LANGUAGE_STANDARD = gnu11;
				GCC_DYNAMIC_NO_PIC = NO;
				GCC_NO_COMMON_BLOCKS = YES;
				GCC_OPTIMIZATION_LEVEL = 0;
				GCC_PREPROCESSOR_DEFINITIONS = (
					"DEBUG=1",
					"$(inherited)",
				);
				GCC_WARN_64_TO_32_BIT_CONVERSION = YES;
				GCC_WARN_ABOUT_RETURN_TYPE = YES_ERROR;
				GCC_WARN_UNDECLARED_SELECTOR = YES;
				GCC_WARN_UNINITIALIZED_AUTOS = YES_AGGRESSIVE;
				GCC_WARN_UNUSED_FUNCTION = YES;
				GCC_WARN_UNUSED_VARIABLE = YES;
				IPHONEOS_DEPLOYMENT_TARGET = 13.2;
				MTL_ENABLE_DEBUG_INFO = INCLUDE_SOURCE;
				MTL_FAST_MATH = YES;
				ONLY_ACTIVE_ARCH = YES;
				SDKROOT = iphoneos;
				SWIFT_ACTIVE_COMPILATION_CONDITIONS = DEBUG;
				SWIFT_OPTIMIZATION_LEVEL = "-Onone";
			};
			name = Debug;
		};
		75984B53241A12F5005A1EBC /* Release */ = {
			isa = XCBuildConfiguration;
			buildSettings = {
				ALWAYS_SEARCH_USER_PATHS = NO;
				CLANG_ANALYZER_NONNULL = YES;
				CLANG_ANALYZER_NUMBER_OBJECT_CONVERSION = YES_AGGRESSIVE;
				CLANG_CXX_LANGUAGE_STANDARD = "gnu++14";
				CLANG_CXX_LIBRARY = "libc++";
				CLANG_ENABLE_MODULES = YES;
				CLANG_ENABLE_OBJC_ARC = YES;
				CLANG_ENABLE_OBJC_WEAK = YES;
				CLANG_WARN_BLOCK_CAPTURE_AUTORELEASING = YES;
				CLANG_WARN_BOOL_CONVERSION = YES;
				CLANG_WARN_COMMA = YES;
				CLANG_WARN_CONSTANT_CONVERSION = YES;
				CLANG_WARN_DEPRECATED_OBJC_IMPLEMENTATIONS = YES;
				CLANG_WARN_DIRECT_OBJC_ISA_USAGE = YES_ERROR;
				CLANG_WARN_DOCUMENTATION_COMMENTS = YES;
				CLANG_WARN_EMPTY_BODY = YES;
				CLANG_WARN_ENUM_CONVERSION = YES;
				CLANG_WARN_INFINITE_RECURSION = YES;
				CLANG_WARN_INT_CONVERSION = YES;
				CLANG_WARN_NON_LITERAL_NULL_CONVERSION = YES;
				CLANG_WARN_OBJC_IMPLICIT_RETAIN_SELF = YES;
				CLANG_WARN_OBJC_LITERAL_CONVERSION = YES;
				CLANG_WARN_OBJC_ROOT_CLASS = YES_ERROR;
				CLANG_WARN_RANGE_LOOP_ANALYSIS = YES;
				CLANG_WARN_STRICT_PROTOTYPES = YES;
				CLANG_WARN_SUSPICIOUS_MOVE = YES;
				CLANG_WARN_UNGUARDED_AVAILABILITY = YES_AGGRESSIVE;
				CLANG_WARN_UNREACHABLE_CODE = YES;
				CLANG_WARN__DUPLICATE_METHOD_MATCH = YES;
				COPY_PHASE_STRIP = NO;
				DEBUG_INFORMATION_FORMAT = "dwarf-with-dsym";
				ENABLE_NS_ASSERTIONS = NO;
				ENABLE_STRICT_OBJC_MSGSEND = YES;
				GCC_C_LANGUAGE_STANDARD = gnu11;
				GCC_NO_COMMON_BLOCKS = YES;
				GCC_WARN_64_TO_32_BIT_CONVERSION = YES;
				GCC_WARN_ABOUT_RETURN_TYPE = YES_ERROR;
				GCC_WARN_UNDECLARED_SELECTOR = YES;
				GCC_WARN_UNINITIALIZED_AUTOS = YES_AGGRESSIVE;
				GCC_WARN_UNUSED_FUNCTION = YES;
				GCC_WARN_UNUSED_VARIABLE = YES;
				IPHONEOS_DEPLOYMENT_TARGET = 13.2;
				MTL_ENABLE_DEBUG_INFO = NO;
				MTL_FAST_MATH = YES;
				SDKROOT = iphoneos;
				SWIFT_COMPILATION_MODE = wholemodule;
				SWIFT_OPTIMIZATION_LEVEL = "-O";
				VALIDATE_PRODUCT = YES;
			};
			name = Release;
		};
		75984B55241A12F5005A1EBC /* Debug */ = {
			isa = XCBuildConfiguration;
			baseConfigurationReference = 543BBD1267DCC4A4142ED108 /* Pods-MaskMVI.debug.xcconfig */;
			buildSettings = {
				ASSETCATALOG_COMPILER_APPICON_NAME = AppIcon;
				CODE_SIGN_IDENTITY = "Apple Development";
				CODE_SIGN_STYLE = Automatic;
				CURRENT_PROJECT_VERSION = 1;
				DEVELOPMENT_TEAM = S36JVGF378;
				INFOPLIST_FILE = MaskMVI/Info.plist;
				IPHONEOS_DEPLOYMENT_TARGET = 11.0;
				LD_RUNPATH_SEARCH_PATHS = (
					"$(inherited)",
					"@executable_path/Frameworks",
				);
				PRODUCT_BUNDLE_IDENTIFIER = co.seongchan.scnearmask;
				PRODUCT_NAME = "내주변마스크";
				PROVISIONING_PROFILE_SPECIFIER = "";
				SWIFT_VERSION = 5.0;
				TARGETED_DEVICE_FAMILY = 1;
			};
			name = Debug;
		};
		75984B56241A12F5005A1EBC /* Release */ = {
			isa = XCBuildConfiguration;
			baseConfigurationReference = FB281434F61EC398F83453B1 /* Pods-MaskMVI.release.xcconfig */;
			buildSettings = {
				ASSETCATALOG_COMPILER_APPICON_NAME = AppIcon;
				CODE_SIGN_IDENTITY = "Apple Development";
				CODE_SIGN_STYLE = Automatic;
				CURRENT_PROJECT_VERSION = 1;
				DEVELOPMENT_TEAM = S36JVGF378;
				INFOPLIST_FILE = MaskMVI/Info.plist;
				IPHONEOS_DEPLOYMENT_TARGET = 11.0;
				LD_RUNPATH_SEARCH_PATHS = (
					"$(inherited)",
					"@executable_path/Frameworks",
				);
				PRODUCT_BUNDLE_IDENTIFIER = co.seongchan.scnearmask;
				PRODUCT_NAME = "내주변마스크";
				PROVISIONING_PROFILE_SPECIFIER = "";
				SWIFT_VERSION = 5.0;
				TARGETED_DEVICE_FAMILY = 1;
			};
			name = Release;
		};
		75984B58241A12F5005A1EBC /* Debug */ = {
			isa = XCBuildConfiguration;
			baseConfigurationReference = C097539B3F5BE2624B36636F /* Pods-MaskMVITests.debug.xcconfig */;
			buildSettings = {
				ALWAYS_EMBED_SWIFT_STANDARD_LIBRARIES = YES;
				BUNDLE_LOADER = "$(TEST_HOST)";
				CODE_SIGN_STYLE = Automatic;
				DEVELOPMENT_TEAM = E2NU8747F2;
				INFOPLIST_FILE = MaskMVITests/Info.plist;
				IPHONEOS_DEPLOYMENT_TARGET = 13.2;
				LD_RUNPATH_SEARCH_PATHS = (
					"$(inherited)",
					"@executable_path/Frameworks",
					"@loader_path/Frameworks",
				);
				PRODUCT_BUNDLE_IDENTIFIER = kr.co.hanryangchan.MaskMVITests;
				PRODUCT_NAME = "$(TARGET_NAME)";
				SWIFT_VERSION = 5.0;
				TARGETED_DEVICE_FAMILY = "1,2";
				TEST_HOST = "$(BUILT_PRODUCTS_DIR)/MaskMVI.app/MaskMVI";
			};
			name = Debug;
		};
		75984B59241A12F5005A1EBC /* Release */ = {
			isa = XCBuildConfiguration;
			baseConfigurationReference = 88F2A5CCB939FEAA4ADE6B10 /* Pods-MaskMVITests.release.xcconfig */;
			buildSettings = {
				ALWAYS_EMBED_SWIFT_STANDARD_LIBRARIES = YES;
				BUNDLE_LOADER = "$(TEST_HOST)";
				CODE_SIGN_STYLE = Automatic;
				DEVELOPMENT_TEAM = E2NU8747F2;
				INFOPLIST_FILE = MaskMVITests/Info.plist;
				IPHONEOS_DEPLOYMENT_TARGET = 13.2;
				LD_RUNPATH_SEARCH_PATHS = (
					"$(inherited)",
					"@executable_path/Frameworks",
					"@loader_path/Frameworks",
				);
				PRODUCT_BUNDLE_IDENTIFIER = kr.co.hanryangchan.MaskMVITests;
				PRODUCT_NAME = "$(TARGET_NAME)";
				SWIFT_VERSION = 5.0;
				TARGETED_DEVICE_FAMILY = "1,2";
				TEST_HOST = "$(BUILT_PRODUCTS_DIR)/MaskMVI.app/MaskMVI";
			};
			name = Release;
		};
/* End XCBuildConfiguration section */

/* Begin XCConfigurationList section */
		75984B30241A12F2005A1EBC /* Build configuration list for PBXProject "MaskMVI" */ = {
			isa = XCConfigurationList;
			buildConfigurations = (
				75984B52241A12F5005A1EBC /* Debug */,
				75984B53241A12F5005A1EBC /* Release */,
			);
			defaultConfigurationIsVisible = 0;
			defaultConfigurationName = Release;
		};
		75984B54241A12F5005A1EBC /* Build configuration list for PBXNativeTarget "MaskMVI" */ = {
			isa = XCConfigurationList;
			buildConfigurations = (
				75984B55241A12F5005A1EBC /* Debug */,
				75984B56241A12F5005A1EBC /* Release */,
			);
			defaultConfigurationIsVisible = 0;
			defaultConfigurationName = Release;
		};
		75984B57241A12F5005A1EBC /* Build configuration list for PBXNativeTarget "MaskMVITests" */ = {
			isa = XCConfigurationList;
			buildConfigurations = (
				75984B58241A12F5005A1EBC /* Debug */,
				75984B59241A12F5005A1EBC /* Release */,
			);
			defaultConfigurationIsVisible = 0;
			defaultConfigurationName = Release;
		};
/* End XCConfigurationList section */
	};
	rootObject = 75984B2D241A12F2005A1EBC /* Project object */;
}
